
Microsoft Visual Studio Solution File, Format Version 12.00
# Visual Studio Version 16
VisualStudioVersion = 25.0.1703.8
MinimumVisualStudioVersion = 10.0.40219.1
Project("{FAE04EC0-301F-11D3-BF4B-00C04F79EFBC}") = "Assign6", "Assign6\Assign6.csproj", "{98C6A40A-7BFA-4C7F-81B6-E4998CFDA7CF}"
EndProject
Global
	GlobalSection(SolutionConfigurationPlatforms) = preSolution
		Debug|Any CPU = Debug|Any CPU
		Release|Any CPU = Release|Any CPU
	EndGlobalSection
	GlobalSection(ProjectConfigurationPlatforms) = postSolution
		{98C6A40A-7BFA-4C7F-81B6-E4998CFDA7CF}.Debug|Any CPU.ActiveCfg = Debug|Any CPU
		{98C6A40A-7BFA-4C7F-81B6-E4998CFDA7CF}.Debug|Any CPU.Build.0 = Debug|Any CPU
		{98C6A40A-7BFA-4C7F-81B6-E4998CFDA7CF}.Release|Any CPU.ActiveCfg = Release|Any CPU
		{98C6A40A-7BFA-4C7F-81B6-E4998CFDA7CF}.Release|Any CPU.Build.0 = Release|Any CPU
	EndGlobalSection
	GlobalSection(SolutionProperties) = preSolution
		HideSolutionNode = FALSE
	EndGlobalSection
	GlobalSection(ExtensibilityGlobals) = postSolution
		SolutionGuid = {DEA69734-089C-490C-B491-2263F47308CE}
	EndGlobalSection
EndGlobal
